
Microsoft Visual Studio Solution File, Format Version 12.00
# Visual Studio Version 17
VisualStudioVersion = 17.4.33213.308
MinimumVisualStudioVersion = 10.0.40219.1
Project("{FAE04EC0-301F-11D3-BF4B-00C04F79EFBC}") = "CarShop", "CarShop.csproj", "{B75ACA5E-8BF3-4A66-AFF8-F2392943FB66}"
EndProject
Global
	GlobalSection(SolutionConfigurationPlatforms) = preSolution
		Debug|Any CPU = Debug|Any CPU
		Release|Any CPU = Release|Any CPU
	EndGlobalSection
	GlobalSection(ProjectConfigurationPlatforms) = postSolution
		{B75ACA5E-8BF3-4A66-AFF8-F2392943FB66}.Debug|Any CPU.ActiveCfg = Debug|Any CPU
		{B75ACA5E-8BF3-4A66-AFF8-F2392943FB66}.Debug|Any CPU.Build.0 = Debug|Any CPU
		{B75ACA5E-8BF3-4A66-AFF8-F2392943FB66}.Release|Any CPU.ActiveCfg = Release|Any CPU
		{B75ACA5E-8BF3-4A66-AFF8-F2392943FB66}.Release|Any CPU.Build.0 = Release|Any CPU
	EndGlobalSection
	GlobalSection(SolutionProperties) = preSolution
		HideSolutionNode = FALSE
	EndGlobalSection
	GlobalSection(ExtensibilityGlobals) = postSolution
		SolutionGuid = {6B2EC8FA-F733-46F8-ADC6-CAA9537713F5}
	EndGlobalSection
EndGlobal
